# This file is automatically @generated by Cargo.
# It is not intended for manual editing.
version = 4

[[package]]
name = "ddai_cli"
version = "0.1.0"

[[package]]
name = "ddai_core"
version = "0.1.0"

[[package]]
name = "ddai_embed"
version = "0.1.0"

[[package]]
name = "ddai_ingest"
version = "0.1.0"

[[package]]
name = "ddai_llm"
version = "0.1.0"

[[package]]
name = "ddai_retrieve"
version = "0.1.0"

[[package]]
name = "ddai_store"
version = "0.1.0"
